<?xml version="1.0" encoding="utf-8"?>
<Project ToolsVersion="4.0" xmlns="http://schemas.microsoft.com/developer/msbuild/2003">
  <ItemGroup>
    <Filter Include="源文件">
      <UniqueIdentifier>{4FC737F1-C7A5-4376-A066-2A32D752A2FF}</UniqueIdentifier>
      <Extensions>cpp;c;cc;cxx;def;odl;idl;hpj;bat;asm;asmx</Extensions>
    </Filter>
    <Filter Include="头文件">
      <UniqueIdentifier>{93995380-89BD-4b04-88EB-625FBE52EBFB}</UniqueIdentifier>
      <Extensions>h;hh;hpp;hxx;hm;inl;inc;xsd</Extensions>
    </Filter>
    <Filter Include="资源文件">
      <UniqueIdentifier>{67DA6AB6-F800-4c08-8B7A-83BB121AAD01}</UniqueIdentifier>
      <Extensions>rc;ico;cur;bmp;dlg;rc2;rct;bin;rgs;gif;jpg;jpeg;jpe;resx;tiff;tif;png;wav;mfcribbon-ms</Extensions>
    </Filter>
  </ItemGroup>
  <ItemGroup>
    <Text Include="ReadMe.txt" />
  </ItemGroup>
  <ItemGroup>
    <ClInclude Include="bankmanagement.h">
      <Filter>头文件</Filter>
    </ClInclude>
    <ClInclude Include="bankmanagementDlg.h">
      <Filter>头文件</Filter>
    </ClInclude>
    <ClInclude Include="stdafx.h">
      <Filter>头文件</Filter>
    </ClInclude>
    <ClInclude Include="targetver.h">
      <Filter>头文件</Filter>
    </ClInclude>
    <ClInclude Include="Resource.h">
      <Filter>头文件</Filter>
    </ClInclude>
    <ClInclude Include="Hello.h">
      <Filter>头文件</Filter>
    </ClInclude>
    <ClInclude Include="Login.h">
      <Filter>头文件</Filter>
    </ClInclude>
    <ClInclude Include="Regist.h">
      <Filter>头文件</Filter>
    </ClInclude>
    <ClInclude Include="ManageLogin.h">
      <Filter>头文件</Filter>
    </ClInclude>
    <ClInclude Include="Account.h">
      <Filter>头文件</Filter>
    </ClInclude>
    <ClInclude Include="AccountDeposit.h">
      <Filter>头文件</Filter>
    </ClInclude>
    <ClInclude Include="AccountDraw.h">
      <Filter>头文件</Filter>
    </ClInclude>
    <ClInclude Include="AccountInfo.h">
      <Filter>头文件</Filter>
    </ClInclude>
    <ClInclude Include="AccountProperty.h">
      <Filter>头文件</Filter>
    </ClInclude>
    <ClInclude Include="AccountTransfer.h">
      <Filter>头文件</Filter>
    </ClInclude>
    <ClInclude Include="Manager.h">
      <Filter>头文件</Filter>
    </ClInclude>
    <ClInclude Include="ManagerAccount.h">
      <Filter>头文件</Filter>
    </ClInclude>
    <ClInclude Include="ManagerDeal.h">
      <Filter>头文件</Filter>
    </ClInclude>
    <ClInclude Include="ManagerProperty.h">
      <Filter>头文件</Filter>
    </ClInclude>
    <ClInclude Include="AccountApply.h">
      <Filter>头文件</Filter>
    </ClInclude>
    <ClInclude Include="ChangePassword.h">
      <Filter>头文件</Filter>
    </ClInclude>
    <ClInclude Include="AccountDetail.h">
      <Filter>头文件</Filter>
    </ClInclude>
    <ClInclude Include="ChangeCardPassword.h">
      <Filter>头文件</Filter>
    </ClInclude>
    <ClInclude Include="ManageAccount.h">
      <Filter>头文件</Filter>
    </ClInclude>
    <ClInclude Include="ManagerAccountCard.h">
      <Filter>头文件</Filter>
    </ClInclude>
    <ClInclude Include="ManagerPropertyFeeDetail.h">
      <Filter>头文件</Filter>
    </ClInclude>
    <ClInclude Include="ForgetPassword.h">
      <Filter>头文件</Filter>
    </ClInclude>
    <ClInclude Include="tchart1.h">
      <Filter>头文件</Filter>
    </ClInclude>
    <ClInclude Include="ManagerChartNew.h">
      <Filter>头文件</Filter>
    </ClInclude>
    <ClInclude Include="CSeries0.h">
      <Filter>头文件</Filter>
    </ClInclude>
    <ClInclude Include="CTChart0.h">
      <Filter>头文件</Filter>
    </ClInclude>
    <ClInclude Include="Base64.h">
      <Filter>头文件</Filter>
    </ClInclude>
    <ClInclude Include="mySock.h">
      <Filter>头文件</Filter>
    </ClInclude>
  </ItemGroup>
  <ItemGroup>
    <ClCompile Include="bankmanagement.cpp">
      <Filter>源文件</Filter>
    </ClCompile>
    <ClCompile Include="bankmanagementDlg.cpp">
      <Filter>源文件</Filter>
    </ClCompile>
    <ClCompile Include="stdafx.cpp">
      <Filter>源文件</Filter>
    </ClCompile>
    <ClCompile Include="Hello.cpp">
      <Filter>源文件</Filter>
    </ClCompile>
    <ClCompile Include="Login.cpp">
      <Filter>源文件</Filter>
    </ClCompile>
    <ClCompile Include="Regist.cpp">
      <Filter>源文件</Filter>
    </ClCompile>
    <ClCompile Include="ManageLogin.cpp">
      <Filter>源文件</Filter>
    </ClCompile>
    <ClCompile Include="Account.cpp">
      <Filter>源文件</Filter>
    </ClCompile>
    <ClCompile Include="AccountDeposit.cpp">
      <Filter>源文件</Filter>
    </ClCompile>
    <ClCompile Include="AccountDraw.cpp">
      <Filter>源文件</Filter>
    </ClCompile>
    <ClCompile Include="AccountInfo.cpp">
      <Filter>源文件</Filter>
    </ClCompile>
    <ClCompile Include="AccountProperty.cpp">
      <Filter>源文件</Filter>
    </ClCompile>
    <ClCompile Include="AccountTransfer.cpp">
      <Filter>源文件</Filter>
    </ClCompile>
    <ClCompile Include="Manager.cpp">
      <Filter>源文件</Filter>
    </ClCompile>
    <ClCompile Include="ManagerAccount.cpp">
      <Filter>源文件</Filter>
    </ClCompile>
    <ClCompile Include="ManagerDeal.cpp">
      <Filter>源文件</Filter>
    </ClCompile>
    <ClCompile Include="ManagerProperty.cpp">
      <Filter>源文件</Filter>
    </ClCompile>
    <ClCompile Include="AccountApply.cpp">
      <Filter>源文件</Filter>
    </ClCompile>
    <ClCompile Include="ChangePassword.cpp">
      <Filter>源文件</Filter>
    </ClCompile>
    <ClCompile Include="AccountDetail.cpp">
      <Filter>源文件</Filter>
    </ClCompile>
    <ClCompile Include="ChangeCardPassword.cpp">
      <Filter>源文件</Filter>
    </ClCompile>
    <ClCompile Include="ManageAccount.cpp">
      <Filter>源文件</Filter>
    </ClCompile>
    <ClCompile Include="ManagerAccountCard.cpp">
      <Filter>源文件</Filter>
    </ClCompile>
    <ClCompile Include="ManagerPropertyFeeDetail.cpp">
      <Filter>源文件</Filter>
    </ClCompile>
    <ClCompile Include="ForgetPassword.cpp">
      <Filter>源文件</Filter>
    </ClCompile>
    <ClCompile Include="tchart1.cpp">
      <Filter>源文件</Filter>
    </ClCompile>
    <ClCompile Include="ManagerChartNew.cpp">
      <Filter>源文件</Filter>
    </ClCompile>
    <ClCompile Include="Base64.cpp">
      <Filter>源文件</Filter>
    </ClCompile>
    <ClCompile Include="mySock.cpp">
      <Filter>源文件</Filter>
    </ClCompile>
  </ItemGroup>
  <ItemGroup>
    <ResourceCompile Include="bankmanagement.rc">
      <Filter>资源文件</Filter>
    </ResourceCompile>
  </ItemGroup>
  <ItemGroup>
    <None Include="res\bankmanagement.rc2">
      <Filter>资源文件</Filter>
    </None>
    <None Include="ClassDiagram.cd" />
    <None Include="POINTER.cur">
      <Filter>资源文件</Filter>
    </None>
  </ItemGroup>
  <ItemGroup>
    <Image Include="res\bankmanagement.ico">
      <Filter>资源文件</Filter>
    </Image>
    <Image Include="res\icon1.ico">
      <Filter>资源文件</Filter>
    </Image>
    <Image Include="res\bitmap1.bmp">
      <Filter>资源文件</Filter>
    </Image>
    <Image Include="res\background.jpeg">
      <Filter>资源文件</Filter>
    </Image>
    <Image Include="res\background.bmp">
      <Filter>资源文件</Filter>
    </Image>
  </ItemGroup>
</Project>